Microsoft Visual Studio Solution File, Format Version 8.00
Project("{8BC9CEB8-8B4A-11D0-8D11-00A0C91BC942}") = "GameGuard", "GameGuard.vcproj", "{8F91279F-E060-4B2A-8F50-F37789583BFE}"
	ProjectSection(ProjectDependencies) = postProject
	EndProjectSection
EndProject
Global
	GlobalSection(SolutionConfiguration) = preSolution
		Debug = Debug
		Release = Release
	EndGlobalSection
	GlobalSection(ProjectConfiguration) = postSolution
		{8F91279F-E060-4B2A-8F50-F37789583BFE}.Debug.ActiveCfg = Debug|Win32
		{8F91279F-E060-4B2A-8F50-F37789583BFE}.Debug.Build.0 = Debug|Win32
		{8F91279F-E060-4B2A-8F50-F37789583BFE}.Release.ActiveCfg = Release|Win32
		{8F91279F-E060-4B2A-8F50-F37789583BFE}.Release.Build.0 = Release|Win32
	EndGlobalSection
	GlobalSection(ExtensibilityGlobals) = postSolution
	EndGlobalSection
	GlobalSection(ExtensibilityAddIns) = postSolution
	EndGlobalSection
EndGlobal
